
Microsoft Visual Studio Solution File, Format Version 12.00
# Visual Studio Version 16
VisualStudioVersion = 16.0.31005.135
MinimumVisualStudioVersion = 10.0.40219.1
Project("{FAE04EC0-301F-11D3-BF4B-00C04F79EFBC}") = "PokeBattle", "PokeBattle.csproj", "{676AF7FE-3182-4670-AA1E-9D2453BD0390}"
EndProject
Global
	GlobalSection(SolutionConfigurationPlatforms) = preSolution
		Debug|Any CPU = Debug|Any CPU
		Release|Any CPU = Release|Any CPU
	EndGlobalSection
	GlobalSection(ProjectConfigurationPlatforms) = postSolution
		{676AF7FE-3182-4670-AA1E-9D2453BD0390}.Debug|Any CPU.ActiveCfg = Debug|Any CPU
		{676AF7FE-3182-4670-AA1E-9D2453BD0390}.Debug|Any CPU.Build.0 = Debug|Any CPU
		{676AF7FE-3182-4670-AA1E-9D2453BD0390}.Release|Any CPU.ActiveCfg = Release|Any CPU
		{676AF7FE-3182-4670-AA1E-9D2453BD0390}.Release|Any CPU.Build.0 = Release|Any CPU
	EndGlobalSection
	GlobalSection(SolutionProperties) = preSolution
		HideSolutionNode = FALSE
	EndGlobalSection
	GlobalSection(ExtensibilityGlobals) = postSolution
		SolutionGuid = {2F5F8279-A7DD-432D-ABB0-53ECE1C1F669}
	EndGlobalSection
EndGlobal
